
Microsoft Visual Studio Solution File, Format Version 12.00
# Visual Studio 15
VisualStudioVersion = 15.0.27130.2003
MinimumVisualStudioVersion = 10.0.40219.1
Project("{FAE04EC0-301F-11D3-BF4B-00C04F79EFBC}") = "Clymate.Scaffolding.Sass", "Clymate.Scaffolding.Sass\Clymate.Scaffolding.Sass.csproj", "{F83FC87A-3B5C-49B5-B7A6-AEE6E1637D80}"
EndProject
Project("{2150E333-8FDC-42A3-9474-1A3956D46DE8}") = "Solution items", "Solution items", "{05C07B91-6416-4703-A3F7-50976EB15004}"
	ProjectSection(SolutionItems) = preProject
		Clymate.Scaffolding.Sass.nuspec = Clymate.Scaffolding.Sass.nuspec
		LICENSE.md = LICENSE.md
	EndProjectSection
EndProject
Project("{2150E333-8FDC-42A3-9474-1A3956D46DE8}") = "Test", "Test", "{E8120B4D-7511-4612-9210-B6D913F797CA}"
EndProject
Project("{FAE04EC0-301F-11D3-BF4B-00C04F79EFBC}") = "Clymate.Scaffolding.Sass.Test.MvcWebsite", "Clymate.Scaffolding.Sass.Test.MvcWebsite\Clymate.Scaffolding.Sass.Test.MvcWebsite.csproj", "{44B0F9BB-DB5A-4D35-88C4-0D75B2C42AE8}"
EndProject
Project("{FAE04EC0-301F-11D3-BF4B-00C04F79EFBC}") = "Clymate.Scaffolding.Sass.Test.EmptyWebsite", "Clymate.Scaffolding.Sass.Test.EmptyWebsite\Clymate.Scaffolding.Sass.Test.EmptyWebsite.csproj", "{8BE34ED6-BF44-4269-9000-D34D27DD5257}"
EndProject
Global
	GlobalSection(SolutionConfigurationPlatforms) = preSolution
		Debug|Any CPU = Debug|Any CPU
		Release|Any CPU = Release|Any CPU
	EndGlobalSection
	GlobalSection(ProjectConfigurationPlatforms) = postSolution
		{F83FC87A-3B5C-49B5-B7A6-AEE6E1637D80}.Debug|Any CPU.ActiveCfg = Debug|Any CPU
		{F83FC87A-3B5C-49B5-B7A6-AEE6E1637D80}.Debug|Any CPU.Build.0 = Debug|Any CPU
		{F83FC87A-3B5C-49B5-B7A6-AEE6E1637D80}.Release|Any CPU.ActiveCfg = Release|Any CPU
		{F83FC87A-3B5C-49B5-B7A6-AEE6E1637D80}.Release|Any CPU.Build.0 = Release|Any CPU
		{44B0F9BB-DB5A-4D35-88C4-0D75B2C42AE8}.Debug|Any CPU.ActiveCfg = Debug|Any CPU
		{44B0F9BB-DB5A-4D35-88C4-0D75B2C42AE8}.Debug|Any CPU.Build.0 = Debug|Any CPU
		{44B0F9BB-DB5A-4D35-88C4-0D75B2C42AE8}.Release|Any CPU.ActiveCfg = Release|Any CPU
		{44B0F9BB-DB5A-4D35-88C4-0D75B2C42AE8}.Release|Any CPU.Build.0 = Release|Any CPU
		{8BE34ED6-BF44-4269-9000-D34D27DD5257}.Debug|Any CPU.ActiveCfg = Debug|Any CPU
		{8BE34ED6-BF44-4269-9000-D34D27DD5257}.Debug|Any CPU.Build.0 = Debug|Any CPU
		{8BE34ED6-BF44-4269-9000-D34D27DD5257}.Release|Any CPU.ActiveCfg = Release|Any CPU
		{8BE34ED6-BF44-4269-9000-D34D27DD5257}.Release|Any CPU.Build.0 = Release|Any CPU
	EndGlobalSection
	GlobalSection(SolutionProperties) = preSolution
		HideSolutionNode = FALSE
	EndGlobalSection
	GlobalSection(NestedProjects) = preSolution
		{44B0F9BB-DB5A-4D35-88C4-0D75B2C42AE8} = {E8120B4D-7511-4612-9210-B6D913F797CA}
		{8BE34ED6-BF44-4269-9000-D34D27DD5257} = {E8120B4D-7511-4612-9210-B6D913F797CA}
	EndGlobalSection
	GlobalSection(ExtensibilityGlobals) = postSolution
		SolutionGuid = {87FBAD53-FD90-4216-8EBA-9A789D544E7F}
	EndGlobalSection
EndGlobal
